<?xml version="1.0" encoding="UTF-8" standalone="yes" ?>
<CodeBlocks_project_file>
	<FileVersion major="1" minor="6" />
	<Project>
		<Option title="infiltrator" />
		<Option pch_mode="2" />
		<Option compiler="gcc" />
		<Build>
			<Target title="Debug">
				<Option output="bin/Debug/infiltrator" prefix_auto="1" extension_auto="1" />
				<Option object_output="obj/Debug/" />
				<Option type="1" />
				<Option compiler="gcc" />
				<Compiler>
					<Add option="-g" />
					<Add option="`pkg-config --cflags glibmm-2.4 gtkmm-3.0 icu-uc icu-io`" />
					<Add directory="include" />
				</Compiler>
				<Linker>
					<Add option="`pkg-config  --libs glibmm-2.4 gtkmm-3.0 icu-uc icu-io`" />
				</Linker>
			</Target>
			<Target title="Release">
				<Option output="bin/Release/infiltrator" prefix_auto="1" extension_auto="1" />
				<Option object_output="obj/Release/" />
				<Option type="1" />
				<Option compiler="gcc" />
				<Compiler>
					<Add option="-O2" />
					<Add directory="include" />
				</Compiler>
				<Linker>
					<Add option="-s" />
				</Linker>
			</Target>
		</Build>
		<Compiler>
			<Add option="-Wall" />
		</Compiler>
		<Unit filename="include/agentDatabase.hpp" />
		<Unit filename="include/agentWindow.hpp" />
		<Unit filename="include/customWidgets.hpp" />
		<Unit filename="include/fileEncryption.hpp" />
		<Unit filename="include/gameWindow.hpp" />
		<Unit filename="include/keyGen.hpp" />
		<Unit filename="include/playerList.hpp" />
		<Unit filename="include/primaryWindow.hpp" />
		<Unit filename="include/setupWindow.hpp" />
		<Unit filename="main.cpp" />
		<Unit filename="src/agentDatabase.cpp" />
		<Unit filename="src/agentWindow.cpp" />
		<Unit filename="src/customWidgets.cpp" />
		<Unit filename="src/fileEncryption.cpp" />
		<Unit filename="src/gameWindow.cpp" />
		<Unit filename="src/keyGen.cpp" />
		<Unit filename="src/playerList.cpp" />
		<Unit filename="src/primaryWindow.cpp" />
		<Unit filename="src/setupWindow.cpp" />
		<Extensions>
			<code_completion />
			<envvars />
			<lib_finder disable_auto="1" />
			<debugger />
		</Extensions>
	</Project>
</CodeBlocks_project_file>
