<?xml version="1.0" encoding="UTF-8" standalone="yes" ?>
<CodeBlocks_project_file>
	<FileVersion major="1" minor="6" />
	<Project>
		<Option title="infiltrator" />
		<Option pch_mode="2" />
		<Option compiler="gcc" />
		<Build>
			<Target title="Debug64">
				<Option output="bin/Debug/x64/infiltrator" prefix_auto="1" extension_auto="1" />
				<Option object_output="obj/Debug/x64/" />
				<Option type="1" />
				<Option compiler="gcc" />
				<Option use_console_runner="0" />
				<Compiler>
					<Add option="-std=c++11" />
					<Add option="-Wall" />
					<Add option="-g" />
					<Add option="-m64 `pkg-config --cflags glibmm-2.4 gtkmm-3.0 icu-uc icu-io`" />
					<Add directory="include" />
				</Compiler>
				<Linker>
					<Add option="`pkg-config  --libs glibmm-2.4 gtkmm-3.0 icu-uc icu-io`" />
				</Linker>
			</Target>
			<Target title="Debug32">
				<Option output="bin/Debug/x86/infiltrator" prefix_auto="1" extension_auto="1" />
				<Option object_output="obj/Debug/x86/" />
				<Option type="1" />
				<Option compiler="gcc" />
				<Option use_console_runner="0" />
				<Compiler>
					<Add option="-std=c++11" />
					<Add option="-Wall" />
					<Add option="-g" />
					<Add option="-m32 `pkg-config --cflags glibmm-2.4 gtkmm-3.0 icu-uc icu-io`" />
					<Add directory="include" />
				</Compiler>
				<Linker>
					<Add option="`pkg-config  --libs glibmm-2.4 gtkmm-3.0 icu-uc icu-io`" />
				</Linker>
			</Target>
			<Target title="DebugWin64">
				<Option output="bin/Debug/Winx86/infiltrator" prefix_auto="1" extension_auto="1" />
				<Option object_output="obj/Debug/Winx86/" />
				<Option type="1" />
				<Option compiler="msys2" />
				<Option use_console_runner="0" />
				<Compiler>
					<Add option="-std=c++11" />
					<Add option="-Wall" />
					<Add option="-g" />
					<Add option="-m64" />
					<Add option="-mms-bitfields -pthread -mms-bitfields -I/c/msys64/mingw64/include/gtkmm-3.0 -I/c/msys64/mingw64/lib/gtkmm-3.0/include -I/c/msys64/mingw64/include/atkmm-1.6 -I/c/msys64/mingw64/include/gdkmm-3.0 -I/c/msys64/mingw64/lib/gdkmm-3.0/include -I/c/msys64/mingw64/include/giomm-2.4 -I/c/msys64/mingw64/lib/giomm-2.4/include -I/c/msys64/mingw64/include/pangomm-1.4 -I/c/msys64/mingw64/lib/pangomm-1.4/include -I/c/msys64/mingw64/include/glibmm-2.4 -I/c/msys64/mingw64/lib/glibmm-2.4/include -I/c/msys64/mingw64/include/gtk-3.0 -I/c/msys64/mingw64/include/cairo -I/c/msys64/mingw64/include -I/c/msys64/mingw64/include/pango-1.0 -I/c/msys64/mingw64/include/atk-1.0 -I/c/msys64/mingw64/include/cairo -I/c/msys64/mingw64/include/cairomm-1.0 -I/c/msys64/mingw64/lib/cairomm-1.0/include -I/c/msys64/mingw64/include/cairo -I/c/msys64/mingw64/include/pixman-1 -I/c/msys64/mingw64/include -I/c/msys64/mingw64/include/freetype2 -I/c/msys64/mingw64/include/libpng16 -I/c/msys64/mingw64/include/harfbuzz -I/c/msys64/mingw64/include/glib-2.0 -I/c/msys64/mingw64/lib/glib-2.0/include -I/c/msys64/mingw64/include -I/c/msys64/mingw64/include/freetype2 -I/c/msys64/mingw64/include -I/c/msys64/mingw64/include/harfbuzz -I/c/msys64/mingw64/include/libpng16 -I/c/msys64/mingw64/include/sigc++-2.0 -I/c/msys64/mingw64/lib/sigc++-2.0/include -I/c/msys64/mingw64/include/gdk-pixbuf-2.0 -I/c/msys64/mingw64/include/libpng16 -I/c/msys64/mingw64/include/glib-2.0 -I/c/msys64/mingw64/lib/glib-2.0/include" />
					<Add option="-DWINVER=0x0400" />
					<Add option="-D__WIN95__" />
					<Add option="-D__GNUWIN32__" />
					<Add option="-DSTRICT" />
					<Add option="-DHAVE_W32API_H" />
					<Add option="-D__WXMSW__" />
					<Add option="-D__WINDOWS__" />
					<Add directory="include" />
					<Add directory="C:/msys64/mingw64/include" />
				</Compiler>
				<ResourceCompiler>
					<Add directory="../../MINGW_BUILDS/include" />
				</ResourceCompiler>
				<Linker>
					<Add option="-m64" />
					<Add option="-L/c/msys64/mingw64/lib -LC:/building/msys64/mingw64/lib -L/c/msys64/mingw64/lib -LC:/building/msys64/mingw64/lib/../lib -L/c/msys64/mingw64/lib -lgtkmm-3.0 -latkmm-1.6 -lgdkmm-3.0 -lgiomm-2.4 -lpangomm-1.4 -lglibmm-2.4 -lgtk-3 -lgdk-3 -lgdi32 -limm32 -lshell32 -lole32 -Wl,-luuid -lwinmm -ldwmapi -lz -lepoxy -lpangocairo-1.0 -lpangoft2-1.0 -lpangowin32-1.0 -lgdi32 -lusp10 -lpango-1.0 -lm -latk-1.0 -lcairo-gobject -lgio-2.0 -lz -lcairomm-1.0 -lcairo -lz -lpixman-1 -lfontconfig -lexpat -lfreetype -liconv -lexpat -lfreetype -lz -lbz2 -lharfbuzz -lpng16 -lz -lsigc-2.0 -lgdk_pixbuf-2.0 -lgmodule-2.0 -pthread -lpng16 -lz -lgobject-2.0 -lffi -lglib-2.0 -lintl -pthread -lws2_32 -lole32 -lwinmm -lshlwapi -lintl" />
					<Add directory="C:/msys64/mingw64/lib" />
				</Linker>
				<ExtraCommands>
					<Add before="pwd" />
				</ExtraCommands>
			</Target>
			<Target title="Release64">
				<Option output="bin/Release/x64/infiltrator" prefix_auto="1" extension_auto="1" />
				<Option object_output="obj/Release/x64/" />
				<Option type="0" />
				<Option compiler="gcc" />
				<Compiler>
					<Add option="-O2" />
					<Add option="-std=c++11" />
					<Add option="-m64 `pkg-config --cflags glibmm-2.4 gtkmm-3.0 icu-uc icu-io`" />
					<Add directory="include" />
				</Compiler>
				<Linker>
					<Add option="-s" />
					<Add option="`pkg-config  --libs glibmm-2.4 gtkmm-3.0 icu-uc icu-io`" />
				</Linker>
			</Target>
			<Target title="Release32">
				<Option output="bin/Release/x86/infiltrator" prefix_auto="1" extension_auto="1" />
				<Option object_output="obj/Release/x86/" />
				<Option type="0" />
				<Option compiler="gcc" />
				<Compiler>
					<Add option="-O2" />
					<Add option="-std=c++11" />
					<Add option="-m32 `pkg-config --cflags glibmm-2.4 gtkmm-3.0 icu-uc icu-io`" />
					<Add directory="include" />
				</Compiler>
				<Linker>
					<Add option="-s" />
					<Add option="`pkg-config  --libs glibmm-2.4 gtkmm-3.0 icu-uc icu-io`" />
				</Linker>
			</Target>
			<Target title="ReleaseWin32">
				<Option output="bin/Release/Winx32/infiltrator" prefix_auto="1" extension_auto="1" />
				<Option object_output="obj/Release/Winx32/" />
				<Option type="1" />
				<Option compiler="gcc" />
				<Option use_console_runner="0" />
				<Compiler>
					<Add option="-O2" />
					<Add option="-std=c++11" />
					<Add option="`pkg-config --cflags glibmm-2.4 gtkmm-3.0`" />
					<Add option="-DWINVER=0x0400" />
					<Add option="-D__WIN95__" />
					<Add option="-D__GNUWIN32__" />
					<Add option="-DSTRICT" />
					<Add option="-DHAVE_W32API_H" />
					<Add option="-D__WXMSW__" />
					<Add option="-D__WINDOWS__" />
					<Add directory="include" />
				</Compiler>
				<Linker>
					<Add option="-s" />
					<Add option="`pkg-config  --libs glibmm-2.4 gtkmm-3.0`" />
					<Add option="-lstdc++" />
					<Add option="-lgcc" />
					<Add option="-lodbc32" />
					<Add option="-lwsock32" />
					<Add option="-lwinspool" />
					<Add option="-lwinmm" />
					<Add option="-lshell32" />
					<Add option="-lcomctl32" />
					<Add option="-lctl3d32" />
					<Add option="-ladvapi32" />
					<Add option="-lopengl32" />
					<Add option="-lglu32" />
					<Add option="-lole32" />
					<Add option="-loleaut32" />
					<Add option="-luuid" />
				</Linker>
			</Target>
		</Build>
		<VirtualTargets>
			<Add alias="FullRelease" targets="Release64;Release32;ReleaseWin32;" />
		</VirtualTargets>
		<Compiler>
			<Add option="-Wall" />
		</Compiler>
		<Unit filename="include/agentDatabase.hpp" />
		<Unit filename="include/agentWindow.hpp" />
		<Unit filename="include/customWidgets.hpp" />
		<Unit filename="include/fileEncryption.hpp" />
		<Unit filename="include/gameWindow.hpp" />
		<Unit filename="include/infoWindow.hpp" />
		<Unit filename="include/keyGen.hpp" />
		<Unit filename="include/playerList.hpp" />
		<Unit filename="include/primaryWindow.hpp" />
		<Unit filename="include/setupWindow.hpp" />
		<Unit filename="main.cpp" />
		<Unit filename="src/agentDatabase.cpp" />
		<Unit filename="src/agentWindow.cpp" />
		<Unit filename="src/customWidgets.cpp" />
		<Unit filename="src/fileEncryption.cpp" />
		<Unit filename="src/gameWindow.cpp" />
		<Unit filename="src/infoWindow.cpp" />
		<Unit filename="src/keyGen.cpp" />
		<Unit filename="src/playerList.cpp" />
		<Unit filename="src/primaryWindow.cpp" />
		<Unit filename="src/setupWindow.cpp" />
		<Extensions>
			<code_completion />
			<envvars />
			<lib_finder disable_auto="1" />
			<debugger />
		</Extensions>
	</Project>
</CodeBlocks_project_file>
